
Microsoft Visual Studio Solution File, Format Version 12.00
# Visual Studio Version 17
VisualStudioVersion = 17.1.32210.238
MinimumVisualStudioVersion = 10.0.40219.1
Project("{FAE04EC0-301F-11D3-BF4B-00C04F79EFBC}") = "ChessSimple", "ChessSimple\ChessSimple.csproj", "{75D3F097-49F9-4228-9DD3-AD4CDD47D974}"
EndProject
Global
	GlobalSection(SolutionConfigurationPlatforms) = preSolution
		Debug|Any CPU = Debug|Any CPU
		Release|Any CPU = Release|Any CPU
	EndGlobalSection
	GlobalSection(ProjectConfigurationPlatforms) = postSolution
		{75D3F097-49F9-4228-9DD3-AD4CDD47D974}.Debug|Any CPU.ActiveCfg = Debug|Any CPU
		{75D3F097-49F9-4228-9DD3-AD4CDD47D974}.Debug|Any CPU.Build.0 = Debug|Any CPU
		{75D3F097-49F9-4228-9DD3-AD4CDD47D974}.Release|Any CPU.ActiveCfg = Release|Any CPU
		{75D3F097-49F9-4228-9DD3-AD4CDD47D974}.Release|Any CPU.Build.0 = Release|Any CPU
	EndGlobalSection
	GlobalSection(SolutionProperties) = preSolution
		HideSolutionNode = FALSE
	EndGlobalSection
	GlobalSection(ExtensibilityGlobals) = postSolution
		SolutionGuid = {E57E3699-C9DE-485F-9851-CD19CBA12DCE}
	EndGlobalSection
EndGlobal
